
Microsoft Visual Studio Solution File, Format Version 12.00
# Visual Studio Version 16
VisualStudioVersion = 16.0.30406.217
MinimumVisualStudioVersion = 10.0.40219.1
Project("{FAE04EC0-301F-11D3-BF4B-00C04F79EFBC}") = "NumberingPlugin", "NumberingPlugin\NumberingPlugin.csproj", "{45C469C6-A831-4474-A8C4-273DC2FB167B}"
EndProject
Project("{FAE04EC0-301F-11D3-BF4B-00C04F79EFBC}") = "TeklaCustomNumbering", "TeklaCustomNumbering\TeklaCustomNumbering.csproj", "{CF65C25B-9379-4719-906E-20FF9AC8E07F}"
EndProject
Global
	GlobalSection(SolutionConfigurationPlatforms) = preSolution
		Debug|Any CPU = Debug|Any CPU
		Release|Any CPU = Release|Any CPU
	EndGlobalSection
	GlobalSection(ProjectConfigurationPlatforms) = postSolution
		{45C469C6-A831-4474-A8C4-273DC2FB167B}.Debug|Any CPU.ActiveCfg = Debug|Any CPU
		{45C469C6-A831-4474-A8C4-273DC2FB167B}.Debug|Any CPU.Build.0 = Debug|Any CPU
		{45C469C6-A831-4474-A8C4-273DC2FB167B}.Release|Any CPU.ActiveCfg = Release|Any CPU
		{45C469C6-A831-4474-A8C4-273DC2FB167B}.Release|Any CPU.Build.0 = Release|Any CPU
		{CF65C25B-9379-4719-906E-20FF9AC8E07F}.Debug|Any CPU.ActiveCfg = Debug|Any CPU
		{CF65C25B-9379-4719-906E-20FF9AC8E07F}.Debug|Any CPU.Build.0 = Debug|Any CPU
		{CF65C25B-9379-4719-906E-20FF9AC8E07F}.Release|Any CPU.ActiveCfg = Release|Any CPU
		{CF65C25B-9379-4719-906E-20FF9AC8E07F}.Release|Any CPU.Build.0 = Release|Any CPU
	EndGlobalSection
	GlobalSection(SolutionProperties) = preSolution
		HideSolutionNode = FALSE
	EndGlobalSection
	GlobalSection(ExtensibilityGlobals) = postSolution
		SolutionGuid = {0951CD12-0261-4578-9FE7-67CEC8A3AD9B}
	EndGlobalSection
EndGlobal
